
Microsoft Visual Studio Solution File, Format Version 12.00
# Visual Studio 15
VisualStudioVersion = 15.0.27428.2037
MinimumVisualStudioVersion = 10.0.40219.1
Project("{151D2E53-A2C4-4D7D-83FE-D05416EBD58E}") = "ServiceBusARMTemplate", "ServiceBusARMTemplate\ServiceBusARMTemplate.deployproj", "{C3646477-977D-4BF1-A38E-C6F61E8C4B80}"
EndProject
Global
	GlobalSection(SolutionConfigurationPlatforms) = preSolution
		Debug|Any CPU = Debug|Any CPU
		Release|Any CPU = Release|Any CPU
	EndGlobalSection
	GlobalSection(ProjectConfigurationPlatforms) = postSolution
		{C3646477-977D-4BF1-A38E-C6F61E8C4B80}.Debug|Any CPU.ActiveCfg = Debug|Any CPU
		{C3646477-977D-4BF1-A38E-C6F61E8C4B80}.Debug|Any CPU.Build.0 = Debug|Any CPU
		{C3646477-977D-4BF1-A38E-C6F61E8C4B80}.Release|Any CPU.ActiveCfg = Release|Any CPU
		{C3646477-977D-4BF1-A38E-C6F61E8C4B80}.Release|Any CPU.Build.0 = Release|Any CPU
	EndGlobalSection
	GlobalSection(SolutionProperties) = preSolution
		HideSolutionNode = FALSE
	EndGlobalSection
	GlobalSection(ExtensibilityGlobals) = postSolution
		SolutionGuid = {B3C480D9-528A-495A-BF31-955E7839BFDA}
	EndGlobalSection
EndGlobal
